
Microsoft Visual Studio Solution File, Format Version 12.00
# Visual Studio Version 16
VisualStudioVersion = 16.0.30804.86
MinimumVisualStudioVersion = 10.0.40219.1
Project("{9A19103F-16F7-4668-BE54-9A1E7A4F7556}") = "Calculator.Tests", "Calculator.Tests\Calculator.Tests.csproj", "{F30B4669-D005-4F76-A3CC-5B01706ED507}"
EndProject
Project("{FAE04EC0-301F-11D3-BF4B-00C04F79EFBC}") = "Calculator.Library", "Calculator.Library\Calculator.Library.csproj", "{BF8FD596-41E0-4924-A7D8-4D97AAC7F634}"
EndProject
Global
	GlobalSection(SolutionConfigurationPlatforms) = preSolution
		Debug|Any CPU = Debug|Any CPU
		Release|Any CPU = Release|Any CPU
	EndGlobalSection
	GlobalSection(ProjectConfigurationPlatforms) = postSolution
		{F30B4669-D005-4F76-A3CC-5B01706ED507}.Debug|Any CPU.ActiveCfg = Debug|Any CPU
		{F30B4669-D005-4F76-A3CC-5B01706ED507}.Debug|Any CPU.Build.0 = Debug|Any CPU
		{F30B4669-D005-4F76-A3CC-5B01706ED507}.Release|Any CPU.ActiveCfg = Release|Any CPU
		{F30B4669-D005-4F76-A3CC-5B01706ED507}.Release|Any CPU.Build.0 = Release|Any CPU
		{BF8FD596-41E0-4924-A7D8-4D97AAC7F634}.Debug|Any CPU.ActiveCfg = Debug|Any CPU
		{BF8FD596-41E0-4924-A7D8-4D97AAC7F634}.Debug|Any CPU.Build.0 = Debug|Any CPU
		{BF8FD596-41E0-4924-A7D8-4D97AAC7F634}.Release|Any CPU.ActiveCfg = Release|Any CPU
		{BF8FD596-41E0-4924-A7D8-4D97AAC7F634}.Release|Any CPU.Build.0 = Release|Any CPU
	EndGlobalSection
	GlobalSection(SolutionProperties) = preSolution
		HideSolutionNode = FALSE
	EndGlobalSection
	GlobalSection(ExtensibilityGlobals) = postSolution
		SolutionGuid = {6A397482-259F-44E6-9AC1-7BE5F70E425E}
	EndGlobalSection
EndGlobal
